// !$*UTF8*$!
{
	archiveVersion = 1;
	classes = {
	};
	objectVersion = 50;
	objects = {

/* Begin PBXBuildFile section */
		556B381720E98158000159A4 /* main.cpp in Sources */ = {isa = PBXBuildFile; fileRef = 556B381620E98158000159A4 /* main.cpp */; };
		556B382220E9832E000159A4 /* vanguardbot.cpp in Sources */ = {isa = PBXBuildFile; fileRef = 556B382120E9832E000159A4 /* vanguardbot.cpp */; };
		5577301020F0517A0006784D /* ini_file.cpp in Sources */ = {isa = PBXBuildFile; fileRef = 5577300F20F0517A0006784D /* ini_file.cpp */; };
		5577301320F0527D0006784D /* vanguardbot_base.mm in Sources */ = {isa = PBXBuildFile; fileRef = 5577301120F0527D0006784D /* vanguardbot_base.mm */; };
		5577301F20F054610006784D /* AppDelegate.mm in Sources */ = {isa = PBXBuildFile; fileRef = 5577301E20F054610006784D /* AppDelegate.mm */; };
		5577302120F054640006784D /* Assets.xcassets in Resources */ = {isa = PBXBuildFile; fileRef = 5577302020F054640006784D /* Assets.xcassets */; };
		5577302420F054640006784D /* MainMenu.xib in Resources */ = {isa = PBXBuildFile; fileRef = 5577302220F054640006784D /* MainMenu.xib */; };
		5577302720F054640006784D /* main.m in Sources */ = {isa = PBXBuildFile; fileRef = 5577302620F054640006784D /* main.m */; };
		5577302C20F0ED4D0006784D /* vanguardbot.cpp in Sources */ = {isa = PBXBuildFile; fileRef = 556B382120E9832E000159A4 /* vanguardbot.cpp */; };
		5577302D20F0ED510006784D /* ini_file.cpp in Sources */ = {isa = PBXBuildFile; fileRef = 5577300F20F0517A0006784D /* ini_file.cpp */; };
		5577302E20F0ED5C0006784D /* vanguardbot_base.mm in Sources */ = {isa = PBXBuildFile; fileRef = 5577301120F0527D0006784D /* vanguardbot_base.mm */; };
		5577303220F134450006784D /* string_utils.cpp in Sources */ = {isa = PBXBuildFile; fileRef = 5577303020F134450006784D /* string_utils.cpp */; };
		5577303320F1344D0006784D /* string_utils.cpp in Sources */ = {isa = PBXBuildFile; fileRef = 5577303020F134450006784D /* string_utils.cpp */; };
		5582256D25691DAF00988E88 /* example_commands in Resources */ = {isa = PBXBuildFile; fileRef = 5582256C25691DAF00988E88 /* example_commands */; };
		5582258125696C8000988E88 /* UserNotifications.framework in Frameworks */ = {isa = PBXBuildFile; fileRef = 5582258025696C8000988E88 /* UserNotifications.framework */; };
/* End PBXBuildFile section */

/* Begin PBXCopyFilesBuildPhase section */
		556B381120E98158000159A4 /* CopyFiles */ = {
			isa = PBXCopyFilesBuildPhase;
			buildActionMask = 2147483647;
			dstPath = /usr/share/man/man1/;
			dstSubfolderSpec = 0;
			files = (
			);
			runOnlyForDeploymentPostprocessing = 1;
		};
/* End PBXCopyFilesBuildPhase section */

/* Begin PBXFileReference section */
		556B381320E98158000159A4 /* vanguardbot */ = {isa = PBXFileReference; explicitFileType = "compiled.mach-o.executable"; includeInIndex = 0; path = vanguardbot; sourceTree = BUILT_PRODUCTS_DIR; };
		556B381620E98158000159A4 /* main.cpp */ = {isa = PBXFileReference; fileEncoding = 4; lastKnownFileType = sourcecode.cpp.cpp; path = main.cpp; sourceTree = "<group>"; };
		556B382020E9832E000159A4 /* vanguardbot.hpp */ = {isa = PBXFileReference; fileEncoding = 4; lastKnownFileType = sourcecode.cpp.h; name = vanguardbot.hpp; path = common/vanguardbot.hpp; sourceTree = SOURCE_ROOT; };
		556B382120E9832E000159A4 /* vanguardbot.cpp */ = {isa = PBXFileReference; fileEncoding = 4; lastKnownFileType = sourcecode.cpp.cpp; name = vanguardbot.cpp; path = common/vanguardbot.cpp; sourceTree = SOURCE_ROOT; };
		5577300E20F0517A0006784D /* ini_file.hpp */ = {isa = PBXFileReference; fileEncoding = 4; lastKnownFileType = sourcecode.cpp.h; name = ini_file.hpp; path = common/ini_file.hpp; sourceTree = SOURCE_ROOT; };
		5577300F20F0517A0006784D /* ini_file.cpp */ = {isa = PBXFileReference; fileEncoding = 4; lastKnownFileType = sourcecode.cpp.cpp; name = ini_file.cpp; path = common/ini_file.cpp; sourceTree = SOURCE_ROOT; };
		5577301120F0527D0006784D /* vanguardbot_base.mm */ = {isa = PBXFileReference; fileEncoding = 4; lastKnownFileType = sourcecode.cpp.objcpp; path = vanguardbot_base.mm; sourceTree = "<group>"; };
		5577301220F0527D0006784D /* vanguardbot_base.hpp */ = {isa = PBXFileReference; fileEncoding = 4; lastKnownFileType = sourcecode.cpp.h; path = vanguardbot_base.hpp; sourceTree = "<group>"; };
		5577301B20F054610006784D /* VanguardBotMac.app */ = {isa = PBXFileReference; explicitFileType = wrapper.application; includeInIndex = 0; path = VanguardBotMac.app; sourceTree = BUILT_PRODUCTS_DIR; };
		5577301D20F054610006784D /* AppDelegate.h */ = {isa = PBXFileReference; lastKnownFileType = sourcecode.c.h; path = AppDelegate.h; sourceTree = "<group>"; };
		5577301E20F054610006784D /* AppDelegate.mm */ = {isa = PBXFileReference; lastKnownFileType = sourcecode.cpp.objcpp; path = AppDelegate.mm; sourceTree = "<group>"; };
		5577302020F054640006784D /* Assets.xcassets */ = {isa = PBXFileReference; lastKnownFileType = folder.assetcatalog; path = Assets.xcassets; sourceTree = "<group>"; };
		5577302320F054640006784D /* Base */ = {isa = PBXFileReference; lastKnownFileType = file.xib; name = Base; path = Base.lproj/MainMenu.xib; sourceTree = "<group>"; };
		5577302520F054640006784D /* Info.plist */ = {isa = PBXFileReference; lastKnownFileType = text.plist.xml; path = Info.plist; sourceTree = "<group>"; };
		5577302620F054640006784D /* main.m */ = {isa = PBXFileReference; lastKnownFileType = sourcecode.c.objc; path = main.m; sourceTree = "<group>"; };
		5577302820F054640006784D /* VanguardBotMac.entitlements */ = {isa = PBXFileReference; lastKnownFileType = text.plist.entitlements; path = VanguardBotMac.entitlements; sourceTree = "<group>"; };
		5577303020F134450006784D /* string_utils.cpp */ = {isa = PBXFileReference; lastKnownFileType = sourcecode.cpp.cpp; path = string_utils.cpp; sourceTree = "<group>"; };
		5577303120F134450006784D /* string_utils.hpp */ = {isa = PBXFileReference; lastKnownFileType = sourcecode.cpp.h; path = string_utils.hpp; sourceTree = "<group>"; };
		5582256C25691DAF00988E88 /* example_commands */ = {isa = PBXFileReference; fileEncoding = 4; lastKnownFileType = text; name = example_commands; path = common/example_commands; sourceTree = SOURCE_ROOT; };
		55822570256925C700988E88 /* README.md */ = {isa = PBXFileReference; lastKnownFileType = net.daringfireball.markdown; path = README.md; sourceTree = "<group>"; };
		5582258025696C8000988E88 /* UserNotifications.framework */ = {isa = PBXFileReference; lastKnownFileType = wrapper.framework; name = UserNotifications.framework; path = System/Library/Frameworks/UserNotifications.framework; sourceTree = SDKROOT; };
/* End PBXFileReference section */

/* Begin PBXFrameworksBuildPhase section */
		556B381020E98158000159A4 /* Frameworks */ = {
			isa = PBXFrameworksBuildPhase;
			buildActionMask = 2147483647;
			files = (
			);
			runOnlyForDeploymentPostprocessing = 0;
		};
		5577301820F054610006784D /* Frameworks */ = {
			isa = PBXFrameworksBuildPhase;
			buildActionMask = 2147483647;
			files = (
				5582258125696C8000988E88 /* UserNotifications.framework in Frameworks */,
			);
			runOnlyForDeploymentPostprocessing = 0;
		};
/* End PBXFrameworksBuildPhase section */

/* Begin PBXGroup section */
		556B380A20E98158000159A4 = {
			isa = PBXGroup;
			children = (
				55822570256925C700988E88 /* README.md */,
				556B382320E9833E000159A4 /* common */,
				556B381520E98158000159A4 /* macos */,
				5577301C20F054610006784D /* VanguardBotMac */,
				556B381420E98158000159A4 /* Products */,
				5582257F25696C7F00988E88 /* Frameworks */,
			);
			sourceTree = "<group>";
		};
		556B381420E98158000159A4 /* Products */ = {
			isa = PBXGroup;
			children = (
				556B381320E98158000159A4 /* vanguardbot */,
				5577301B20F054610006784D /* VanguardBotMac.app */,
			);
			name = Products;
			sourceTree = "<group>";
		};
		556B381520E98158000159A4 /* macos */ = {
			isa = PBXGroup;
			children = (
				556B381620E98158000159A4 /* main.cpp */,
				5577301220F0527D0006784D /* vanguardbot_base.hpp */,
				5577301120F0527D0006784D /* vanguardbot_base.mm */,
			);
			path = macos;
			sourceTree = "<group>";
		};
		556B382320E9833E000159A4 /* common */ = {
			isa = PBXGroup;
			children = (
				556B382120E9832E000159A4 /* vanguardbot.cpp */,
				556B382020E9832E000159A4 /* vanguardbot.hpp */,
				5577300F20F0517A0006784D /* ini_file.cpp */,
				5577300E20F0517A0006784D /* ini_file.hpp */,
				5577303020F134450006784D /* string_utils.cpp */,
				5577303120F134450006784D /* string_utils.hpp */,
			);
			path = common;
			sourceTree = "<group>";
		};
		5577301C20F054610006784D /* VanguardBotMac */ = {
			isa = PBXGroup;
			children = (
				5577301D20F054610006784D /* AppDelegate.h */,
				5577301E20F054610006784D /* AppDelegate.mm */,
				5577302020F054640006784D /* Assets.xcassets */,
				5577302220F054640006784D /* MainMenu.xib */,
				5577302520F054640006784D /* Info.plist */,
				5577302620F054640006784D /* main.m */,
				5577302820F054640006784D /* VanguardBotMac.entitlements */,
				5582256C25691DAF00988E88 /* example_commands */,
			);
			path = VanguardBotMac;
			sourceTree = "<group>";
		};
		5582257F25696C7F00988E88 /* Frameworks */ = {
			isa = PBXGroup;
			children = (
				5582258025696C8000988E88 /* UserNotifications.framework */,
			);
			name = Frameworks;
			sourceTree = "<group>";
		};
/* End PBXGroup section */

/* Begin PBXNativeTarget section */
		556B381220E98158000159A4 /* vanguardbot */ = {
			isa = PBXNativeTarget;
			buildConfigurationList = 556B381A20E98158000159A4 /* Build configuration list for PBXNativeTarget "vanguardbot" */;
			buildPhases = (
				556B380F20E98158000159A4 /* Sources */,
				556B381020E98158000159A4 /* Frameworks */,
				556B381120E98158000159A4 /* CopyFiles */,
			);
			buildRules = (
			);
			dependencies = (
			);
			name = vanguardbot;
			productName = vanguardbot;
			productReference = 556B381320E98158000159A4 /* vanguardbot */;
			productType = "com.apple.product-type.tool";
		};
		5577301A20F054610006784D /* VanguardBotMac */ = {
			isa = PBXNativeTarget;
			buildConfigurationList = 5577302920F054640006784D /* Build configuration list for PBXNativeTarget "VanguardBotMac" */;
			buildPhases = (
				5577301720F054610006784D /* Sources */,
				5577301820F054610006784D /* Frameworks */,
				5577301920F054610006784D /* Resources */,
			);
			buildRules = (
			);
			dependencies = (
			);
			name = VanguardBotMac;
			productName = VanguardBotMac;
			productReference = 5577301B20F054610006784D /* VanguardBotMac.app */;
			productType = "com.apple.product-type.application";
		};
/* End PBXNativeTarget section */

/* Begin PBXProject section */
		556B380B20E98158000159A4 /* Project object */ = {
			isa = PBXProject;
			attributes = {
				LastUpgradeCheck = 1000;
				ORGANIZATIONNAME = "Uli Kusterer";
				TargetAttributes = {
					556B381220E98158000159A4 = {
						CreatedOnToolsVersion = 10.0;
					};
					5577301A20F054610006784D = {
						CreatedOnToolsVersion = 9.4.1;
						SystemCapabilities = {
							com.apple.Sandbox = {
								enabled = 1;
							};
						};
					};
				};
			};
			buildConfigurationList = 556B380E20E98158000159A4 /* Build configuration list for PBXProject "vanguardbot" */;
			compatibilityVersion = "Xcode 9.3";
			developmentRegion = en;
			hasScannedForEncodings = 0;
			knownRegions = (
				en,
				Base,
			);
			mainGroup = 556B380A20E98158000159A4;
			productRefGroup = 556B381420E98158000159A4 /* Products */;
			projectDirPath = "";
			projectRoot = "";
			targets = (
				556B381220E98158000159A4 /* vanguardbot */,
				5577301A20F054610006784D /* VanguardBotMac */,
			);
		};
/* End PBXProject section */

/* Begin PBXResourcesBuildPhase section */
		5577301920F054610006784D /* Resources */ = {
			isa = PBXResourcesBuildPhase;
			buildActionMask = 2147483647;
			files = (
				5582256D25691DAF00988E88 /* example_commands in Resources */,
				5577302120F054640006784D /* Assets.xcassets in Resources */,
				5577302420F054640006784D /* MainMenu.xib in Resources */,
			);
			runOnlyForDeploymentPostprocessing = 0;
		};
/* End PBXResourcesBuildPhase section */

/* Begin PBXSourcesBuildPhase section */
		556B380F20E98158000159A4 /* Sources */ = {
			isa = PBXSourcesBuildPhase;
			buildActionMask = 2147483647;
			files = (
				5577301020F0517A0006784D /* ini_file.cpp in Sources */,
				5577303220F134450006784D /* string_utils.cpp in Sources */,
				5577301320F0527D0006784D /* vanguardbot_base.mm in Sources */,
				556B381720E98158000159A4 /* main.cpp in Sources */,
				556B382220E9832E000159A4 /* vanguardbot.cpp in Sources */,
			);
			runOnlyForDeploymentPostprocessing = 0;
		};
		5577301720F054610006784D /* Sources */ = {
			isa = PBXSourcesBuildPhase;
			buildActionMask = 2147483647;
			files = (
				5577302D20F0ED510006784D /* ini_file.cpp in Sources */,
				5577302E20F0ED5C0006784D /* vanguardbot_base.mm in Sources */,
				5577303320F1344D0006784D /* string_utils.cpp in Sources */,
				5577302720F054640006784D /* main.m in Sources */,
				5577301F20F054610006784D /* AppDelegate.mm in Sources */,
				5577302C20F0ED4D0006784D /* vanguardbot.cpp in Sources */,
			);
			runOnlyForDeploymentPostprocessing = 0;
		};
/* End PBXSourcesBuildPhase section */

/* Begin PBXVariantGroup section */
		5577302220F054640006784D /* MainMenu.xib */ = {
			isa = PBXVariantGroup;
			children = (
				5577302320F054640006784D /* Base */,
			);
			name = MainMenu.xib;
			sourceTree = "<group>";
		};
/* End PBXVariantGroup section */

/* Begin XCBuildConfiguration section */
		556B381820E98158000159A4 /* Debug */ = {
			isa = XCBuildConfiguration;
			buildSettings = {
				ALWAYS_SEARCH_USER_PATHS = NO;
				CLANG_ANALYZER_NONNULL = YES;
				CLANG_ANALYZER_NUMBER_OBJECT_CONVERSION = YES_AGGRESSIVE;
				CLANG_CXX_LANGUAGE_STANDARD = "gnu++17";
				CLANG_CXX_LIBRARY = "libc++";
				CLANG_ENABLE_MODULES = YES;
				CLANG_ENABLE_OBJC_ARC = YES;
				CLANG_ENABLE_OBJC_WEAK = YES;
				CLANG_WARN_BLOCK_CAPTURE_AUTORELEASING = YES;
				CLANG_WARN_BOOL_CONVERSION = YES;
				CLANG_WARN_COMMA = YES;
				CLANG_WARN_CONSTANT_CONVERSION = YES;
				CLANG_WARN_DEPRECATED_OBJC_IMPLEMENTATIONS = YES;
				CLANG_WARN_DIRECT_OBJC_ISA_USAGE = YES_ERROR;
				CLANG_WARN_DOCUMENTATION_COMMENTS = YES;
				CLANG_WARN_EMPTY_BODY = YES;
				CLANG_WARN_ENUM_CONVERSION = YES;
				CLANG_WARN_INFINITE_RECURSION = YES;
				CLANG_WARN_INT_CONVERSION = YES;
				CLANG_WARN_NON_LITERAL_NULL_CONVERSION = YES;
				CLANG_WARN_OBJC_IMPLICIT_RETAIN_SELF = YES;
				CLANG_WARN_OBJC_LITERAL_CONVERSION = YES;
				CLANG_WARN_OBJC_ROOT_CLASS = YES_ERROR;
				CLANG_WARN_RANGE_LOOP_ANALYSIS = YES;
				CLANG_WARN_STRICT_PROTOTYPES = YES;
				CLANG_WARN_SUSPICIOUS_MOVE = YES;
				CLANG_WARN_UNGUARDED_AVAILABILITY = YES_AGGRESSIVE;
				CLANG_WARN_UNREACHABLE_CODE = YES;
				CLANG_WARN__DUPLICATE_METHOD_MATCH = YES;
				CODE_SIGN_IDENTITY = "Mac Developer";
				COPY_PHASE_STRIP = NO;
				DEBUG_INFORMATION_FORMAT = dwarf;
				ENABLE_STRICT_OBJC_MSGSEND = YES;
				ENABLE_TESTABILITY = YES;
				GCC_C_LANGUAGE_STANDARD = gnu11;
				GCC_DYNAMIC_NO_PIC = NO;
				GCC_NO_COMMON_BLOCKS = YES;
				GCC_OPTIMIZATION_LEVEL = 0;
				GCC_PREPROCESSOR_DEFINITIONS = (
					"DEBUG=1",
					"$(inherited)",
				);
				GCC_WARN_64_TO_32_BIT_CONVERSION = YES;
				GCC_WARN_ABOUT_RETURN_TYPE = YES_ERROR;
				GCC_WARN_UNDECLARED_SELECTOR = YES;
				GCC_WARN_UNINITIALIZED_AUTOS = YES_AGGRESSIVE;
				GCC_WARN_UNUSED_FUNCTION = YES;
				GCC_WARN_UNUSED_VARIABLE = YES;
				MACOSX_DEPLOYMENT_TARGET = 10.15;
				MTL_ENABLE_DEBUG_INFO = INCLUDE_SOURCE;
				ONLY_ACTIVE_ARCH = YES;
				SDKROOT = macosx;
			};
			name = Debug;
		};
		556B381920E98158000159A4 /* Release */ = {
			isa = XCBuildConfiguration;
			buildSettings = {
				ALWAYS_SEARCH_USER_PATHS = NO;
				CLANG_ANALYZER_NONNULL = YES;
				CLANG_ANALYZER_NUMBER_OBJECT_CONVERSION = YES_AGGRESSIVE;
				CLANG_CXX_LANGUAGE_STANDARD = "gnu++17";
				CLANG_CXX_LIBRARY = "libc++";
				CLANG_ENABLE_MODULES = YES;
				CLANG_ENABLE_OBJC_ARC = YES;
				CLANG_ENABLE_OBJC_WEAK = YES;
				CLANG_WARN_BLOCK_CAPTURE_AUTORELEASING = YES;
				CLANG_WARN_BOOL_CONVERSION = YES;
				CLANG_WARN_COMMA = YES;
				CLANG_WARN_CONSTANT_CONVERSION = YES;
				CLANG_WARN_DEPRECATED_OBJC_IMPLEMENTATIONS = YES;
				CLANG_WARN_DIRECT_OBJC_ISA_USAGE = YES_ERROR;
				CLANG_WARN_DOCUMENTATION_COMMENTS = YES;
				CLANG_WARN_EMPTY_BODY = YES;
				CLANG_WARN_ENUM_CONVERSION = YES;
				CLANG_WARN_INFINITE_RECURSION = YES;
				CLANG_WARN_INT_CONVERSION = YES;
				CLANG_WARN_NON_LITERAL_NULL_CONVERSION = YES;
				CLANG_WARN_OBJC_IMPLICIT_RETAIN_SELF = YES;
				CLANG_WARN_OBJC_LITERAL_CONVERSION = YES;
				CLANG_WARN_OBJC_ROOT_CLASS = YES_ERROR;
				CLANG_WARN_RANGE_LOOP_ANALYSIS = YES;
				CLANG_WARN_STRICT_PROTOTYPES = YES;
				CLANG_WARN_SUSPICIOUS_MOVE = YES;
				CLANG_WARN_UNGUARDED_AVAILABILITY = YES_AGGRESSIVE;
				CLANG_WARN_UNREACHABLE_CODE = YES;
				CLANG_WARN__DUPLICATE_METHOD_MATCH = YES;
				CODE_SIGN_IDENTITY = "Mac Developer";
				COPY_PHASE_STRIP = NO;
				DEBUG_INFORMATION_FORMAT = "dwarf-with-dsym";
				ENABLE_NS_ASSERTIONS = NO;
				ENABLE_STRICT_OBJC_MSGSEND = YES;
				GCC_C_LANGUAGE_STANDARD = gnu11;
				GCC_NO_COMMON_BLOCKS = YES;
				GCC_WARN_64_TO_32_BIT_CONVERSION = YES;
				GCC_WARN_ABOUT_RETURN_TYPE = YES_ERROR;
				GCC_WARN_UNDECLARED_SELECTOR = YES;
				GCC_WARN_UNINITIALIZED_AUTOS = YES_AGGRESSIVE;
				GCC_WARN_UNUSED_FUNCTION = YES;
				GCC_WARN_UNUSED_VARIABLE = YES;
				MACOSX_DEPLOYMENT_TARGET = 10.15;
				MTL_ENABLE_DEBUG_INFO = NO;
				SDKROOT = macosx;
			};
			name = Release;
		};
		556B381B20E98158000159A4 /* Debug */ = {
			isa = XCBuildConfiguration;
			buildSettings = {
				CODE_SIGN_STYLE = Automatic;
				DEVELOPMENT_TEAM = RCKXACKVZS;
				PRODUCT_NAME = "$(TARGET_NAME)";
			};
			name = Debug;
		};
		556B381C20E98158000159A4 /* Release */ = {
			isa = XCBuildConfiguration;
			buildSettings = {
				CODE_SIGN_STYLE = Automatic;
				DEVELOPMENT_TEAM = RCKXACKVZS;
				PRODUCT_NAME = "$(TARGET_NAME)";
			};
			name = Release;
		};
		5577302A20F054640006784D /* Debug */ = {
			isa = XCBuildConfiguration;
			buildSettings = {
				ASSETCATALOG_COMPILER_APPICON_NAME = AppIcon;
				CODE_SIGN_ENTITLEMENTS = VanguardBotMac/VanguardBotMac.entitlements;
				CODE_SIGN_STYLE = Automatic;
				COMBINE_HIDPI_IMAGES = YES;
				DEVELOPMENT_TEAM = RCKXACKVZS;
				INFOPLIST_FILE = VanguardBotMac/Info.plist;
				LD_RUNPATH_SEARCH_PATHS = (
					"$(inherited)",
					"@executable_path/../Frameworks",
				);
				MTL_ENABLE_DEBUG_INFO = YES;
				PRODUCT_BUNDLE_IDENTIFIER = com.thevoidsoftware.VanguardBotMac;
				PRODUCT_NAME = "$(TARGET_NAME)";
			};
			name = Debug;
		};
		5577302B20F054640006784D /* Release */ = {
			isa = XCBuildConfiguration;
			buildSettings = {
				ASSETCATALOG_COMPILER_APPICON_NAME = AppIcon;
				CODE_SIGN_ENTITLEMENTS = VanguardBotMac/VanguardBotMac.entitlements;
				CODE_SIGN_STYLE = Automatic;
				COMBINE_HIDPI_IMAGES = YES;
				DEVELOPMENT_TEAM = RCKXACKVZS;
				INFOPLIST_FILE = VanguardBotMac/Info.plist;
				LD_RUNPATH_SEARCH_PATHS = (
					"$(inherited)",
					"@executable_path/../Frameworks",
				);
				PRODUCT_BUNDLE_IDENTIFIER = com.thevoidsoftware.VanguardBotMac;
				PRODUCT_NAME = "$(TARGET_NAME)";
			};
			name = Release;
		};
/* End XCBuildConfiguration section */

/* Begin XCConfigurationList section */
		556B380E20E98158000159A4 /* Build configuration list for PBXProject "vanguardbot" */ = {
			isa = XCConfigurationList;
			buildConfigurations = (
				556B381820E98158000159A4 /* Debug */,
				556B381920E98158000159A4 /* Release */,
			);
			defaultConfigurationIsVisible = 0;
			defaultConfigurationName = Release;
		};
		556B381A20E98158000159A4 /* Build configuration list for PBXNativeTarget "vanguardbot" */ = {
			isa = XCConfigurationList;
			buildConfigurations = (
				556B381B20E98158000159A4 /* Debug */,
				556B381C20E98158000159A4 /* Release */,
			);
			defaultConfigurationIsVisible = 0;
			defaultConfigurationName = Release;
		};
		5577302920F054640006784D /* Build configuration list for PBXNativeTarget "VanguardBotMac" */ = {
			isa = XCConfigurationList;
			buildConfigurations = (
				5577302A20F054640006784D /* Debug */,
				5577302B20F054640006784D /* Release */,
			);
			defaultConfigurationIsVisible = 0;
			defaultConfigurationName = Release;
		};
/* End XCConfigurationList section */
	};
	rootObject = 556B380B20E98158000159A4 /* Project object */;
}
